
Microsoft Visual Studio Solution File, Format Version 12.00
# Visual Studio Version 17
VisualStudioVersion = 17.2.32616.157
MinimumVisualStudioVersion = 10.0.40219.1
Project("{9A19103F-16F7-4668-BE54-9A1E7A4F7556}") = "ETICARET.Entities", "ETICARET.Entities\ETICARET.Entities.csproj", "{3A8575D4-7204-4E3E-9643-F8E03793C62D}"
EndProject
Project("{9A19103F-16F7-4668-BE54-9A1E7A4F7556}") = "ETICARET.DataAccess", "ETICARET.DataAccess\ETICARET.DataAccess.csproj", "{E2C74B52-74A4-483B-A30C-8810B6C42E3D}"
EndProject
Project("{9A19103F-16F7-4668-BE54-9A1E7A4F7556}") = "ETICARET.Business", "ETICARET.Business\ETICARET.Business.csproj", "{00983FE7-7A40-4AF8-9609-2C4EC55BCC3B}"
EndProject
Project("{FAE04EC0-301F-11D3-BF4B-00C04F79EFBC}") = "ETICARET.WebUI", "ETICARET.WebUI\ETICARET.WebUI.csproj", "{71E3ED13-7EEC-4623-891A-A44DCA5820C5}"
EndProject
Global
	GlobalSection(SolutionConfigurationPlatforms) = preSolution
		Debug|Any CPU = Debug|Any CPU
		Release|Any CPU = Release|Any CPU
	EndGlobalSection
	GlobalSection(ProjectConfigurationPlatforms) = postSolution
		{3A8575D4-7204-4E3E-9643-F8E03793C62D}.Debug|Any CPU.ActiveCfg = Debug|Any CPU
		{3A8575D4-7204-4E3E-9643-F8E03793C62D}.Debug|Any CPU.Build.0 = Debug|Any CPU
		{3A8575D4-7204-4E3E-9643-F8E03793C62D}.Release|Any CPU.ActiveCfg = Release|Any CPU
		{3A8575D4-7204-4E3E-9643-F8E03793C62D}.Release|Any CPU.Build.0 = Release|Any CPU
		{E2C74B52-74A4-483B-A30C-8810B6C42E3D}.Debug|Any CPU.ActiveCfg = Debug|Any CPU
		{E2C74B52-74A4-483B-A30C-8810B6C42E3D}.Debug|Any CPU.Build.0 = Debug|Any CPU
		{E2C74B52-74A4-483B-A30C-8810B6C42E3D}.Release|Any CPU.ActiveCfg = Release|Any CPU
		{E2C74B52-74A4-483B-A30C-8810B6C42E3D}.Release|Any CPU.Build.0 = Release|Any CPU
		{00983FE7-7A40-4AF8-9609-2C4EC55BCC3B}.Debug|Any CPU.ActiveCfg = Debug|Any CPU
		{00983FE7-7A40-4AF8-9609-2C4EC55BCC3B}.Debug|Any CPU.Build.0 = Debug|Any CPU
		{00983FE7-7A40-4AF8-9609-2C4EC55BCC3B}.Release|Any CPU.ActiveCfg = Release|Any CPU
		{00983FE7-7A40-4AF8-9609-2C4EC55BCC3B}.Release|Any CPU.Build.0 = Release|Any CPU
		{71E3ED13-7EEC-4623-891A-A44DCA5820C5}.Debug|Any CPU.ActiveCfg = Debug|Any CPU
		{71E3ED13-7EEC-4623-891A-A44DCA5820C5}.Debug|Any CPU.Build.0 = Debug|Any CPU
		{71E3ED13-7EEC-4623-891A-A44DCA5820C5}.Release|Any CPU.ActiveCfg = Release|Any CPU
		{71E3ED13-7EEC-4623-891A-A44DCA5820C5}.Release|Any CPU.Build.0 = Release|Any CPU
	EndGlobalSection
	GlobalSection(SolutionProperties) = preSolution
		HideSolutionNode = FALSE
	EndGlobalSection
	GlobalSection(ExtensibilityGlobals) = postSolution
		SolutionGuid = {2CF5AB5C-C257-484B-8C61-5465144F9F49}
	EndGlobalSection
EndGlobal
